
Microsoft Visual Studio Solution File, Format Version 12.00
# Visual Studio Express 2013 for Windows Desktop
VisualStudioVersion = 12.0.31101.0
MinimumVisualStudioVersion = 10.0.40219.1
Project("{FAE04EC0-301F-11D3-BF4B-00C04F79EFBC}") = "Book C 5.0 CLR 4.5", "Book C 5.0 CLR 4.5\Book C 5.0 CLR 4.5.csproj", "{4CAAFB0C-4C52-44C4-BCF2-E99BFA1B17AD}"
EndProject
Project("{FAE04EC0-301F-11D3-BF4B-00C04F79EFBC}") = "App1 [Умножение]", "App1\App1 [Умножение].csproj", "{99222279-821D-407C-BAC2-747FF8C61A38}"
EndProject
Project("{FAE04EC0-301F-11D3-BF4B-00C04F79EFBC}") = "App1+ [Рефакторинг умножения]", "App1+\App1+ [Рефакторинг умножения].csproj", "{BAEC3D2D-2FD5-402B-B9A5-CBFA80DFDAA7}"
EndProject
Project("{FAE04EC0-301F-11D3-BF4B-00C04F79EFBC}") = "App2 [Работа с типами]", "App2\App2 [Работа с типами].csproj", "{797F366E-0B3D-49C8-A46C-E796B67570FD}"
EndProject
Project("{FAE04EC0-301F-11D3-BF4B-00C04F79EFBC}") = "App3 [UnitConverter]", "App3\App3 [UnitConverter].csproj", "{8A896FA3-CA12-4897-99ED-2140B7B6F30E}"
EndProject
Project("{FAE04EC0-301F-11D3-BF4B-00C04F79EFBC}") = "App4 [Panda]", "App4\App4 [Panda].csproj", "{CB025ADB-20A3-4C07-9F49-E633E98D27C0}"
EndProject
Project("{FAE04EC0-301F-11D3-BF4B-00C04F79EFBC}") = "App5 [Типы значений]", "App5\App5 [Типы значений].csproj", "{39B0F6D4-76EA-4419-8D1C-4EB38AC4D917}"
EndProject
Global
	GlobalSection(SolutionConfigurationPlatforms) = preSolution
		Debug|Any CPU = Debug|Any CPU
		Release|Any CPU = Release|Any CPU
	EndGlobalSection
	GlobalSection(ProjectConfigurationPlatforms) = postSolution
		{4CAAFB0C-4C52-44C4-BCF2-E99BFA1B17AD}.Debug|Any CPU.ActiveCfg = Debug|Any CPU
		{4CAAFB0C-4C52-44C4-BCF2-E99BFA1B17AD}.Debug|Any CPU.Build.0 = Debug|Any CPU
		{4CAAFB0C-4C52-44C4-BCF2-E99BFA1B17AD}.Release|Any CPU.ActiveCfg = Release|Any CPU
		{4CAAFB0C-4C52-44C4-BCF2-E99BFA1B17AD}.Release|Any CPU.Build.0 = Release|Any CPU
		{99222279-821D-407C-BAC2-747FF8C61A38}.Debug|Any CPU.ActiveCfg = Debug|Any CPU
		{99222279-821D-407C-BAC2-747FF8C61A38}.Debug|Any CPU.Build.0 = Debug|Any CPU
		{99222279-821D-407C-BAC2-747FF8C61A38}.Release|Any CPU.ActiveCfg = Release|Any CPU
		{99222279-821D-407C-BAC2-747FF8C61A38}.Release|Any CPU.Build.0 = Release|Any CPU
		{BAEC3D2D-2FD5-402B-B9A5-CBFA80DFDAA7}.Debug|Any CPU.ActiveCfg = Debug|Any CPU
		{BAEC3D2D-2FD5-402B-B9A5-CBFA80DFDAA7}.Debug|Any CPU.Build.0 = Debug|Any CPU
		{BAEC3D2D-2FD5-402B-B9A5-CBFA80DFDAA7}.Release|Any CPU.ActiveCfg = Release|Any CPU
		{BAEC3D2D-2FD5-402B-B9A5-CBFA80DFDAA7}.Release|Any CPU.Build.0 = Release|Any CPU
		{797F366E-0B3D-49C8-A46C-E796B67570FD}.Debug|Any CPU.ActiveCfg = Debug|Any CPU
		{797F366E-0B3D-49C8-A46C-E796B67570FD}.Debug|Any CPU.Build.0 = Debug|Any CPU
		{797F366E-0B3D-49C8-A46C-E796B67570FD}.Release|Any CPU.ActiveCfg = Release|Any CPU
		{797F366E-0B3D-49C8-A46C-E796B67570FD}.Release|Any CPU.Build.0 = Release|Any CPU
		{8A896FA3-CA12-4897-99ED-2140B7B6F30E}.Debug|Any CPU.ActiveCfg = Debug|Any CPU
		{8A896FA3-CA12-4897-99ED-2140B7B6F30E}.Debug|Any CPU.Build.0 = Debug|Any CPU
		{8A896FA3-CA12-4897-99ED-2140B7B6F30E}.Release|Any CPU.ActiveCfg = Release|Any CPU
		{8A896FA3-CA12-4897-99ED-2140B7B6F30E}.Release|Any CPU.Build.0 = Release|Any CPU
		{CB025ADB-20A3-4C07-9F49-E633E98D27C0}.Debug|Any CPU.ActiveCfg = Debug|Any CPU
		{CB025ADB-20A3-4C07-9F49-E633E98D27C0}.Debug|Any CPU.Build.0 = Debug|Any CPU
		{CB025ADB-20A3-4C07-9F49-E633E98D27C0}.Release|Any CPU.ActiveCfg = Release|Any CPU
		{CB025ADB-20A3-4C07-9F49-E633E98D27C0}.Release|Any CPU.Build.0 = Release|Any CPU
		{39B0F6D4-76EA-4419-8D1C-4EB38AC4D917}.Debug|Any CPU.ActiveCfg = Debug|Any CPU
		{39B0F6D4-76EA-4419-8D1C-4EB38AC4D917}.Debug|Any CPU.Build.0 = Debug|Any CPU
		{39B0F6D4-76EA-4419-8D1C-4EB38AC4D917}.Release|Any CPU.ActiveCfg = Release|Any CPU
		{39B0F6D4-76EA-4419-8D1C-4EB38AC4D917}.Release|Any CPU.Build.0 = Release|Any CPU
	EndGlobalSection
	GlobalSection(SolutionProperties) = preSolution
		HideSolutionNode = FALSE
	EndGlobalSection
EndGlobal
